
Microsoft Visual Studio Solution File, Format Version 12.00
# Visual Studio Version 16
VisualStudioVersion = 16.0.30523.141
MinimumVisualStudioVersion = 10.0.40219.1
Project("{9A19103F-16F7-4668-BE54-9A1E7A4F7556}") = "TaskDoorman", "TaskDoorman\TaskDoorman.csproj", "{466E2235-B560-4182-B838-1501F16561D6}"
EndProject
Project("{9A19103F-16F7-4668-BE54-9A1E7A4F7556}") = "TaskDoorman.Tests", "TaskDoorman.Tests\TaskDoorman.Tests.csproj", "{8E5439B5-CCEC-4413-8505-7A40B113F69F}"
EndProject
Project("{FAE04EC0-301F-11D3-BF4B-00C04F79EFBC}") = "TaskDoormanExamples", "TaskDoormanExamples\TaskDoormanExamples.csproj", "{D0E6C042-CFC8-46F4-BEB8-0DAA09891B97}"
EndProject
Global
	GlobalSection(SolutionConfigurationPlatforms) = preSolution
		Debug|Any CPU = Debug|Any CPU
		Release|Any CPU = Release|Any CPU
	EndGlobalSection
	GlobalSection(ProjectConfigurationPlatforms) = postSolution
		{466E2235-B560-4182-B838-1501F16561D6}.Debug|Any CPU.ActiveCfg = Debug|Any CPU
		{466E2235-B560-4182-B838-1501F16561D6}.Debug|Any CPU.Build.0 = Debug|Any CPU
		{466E2235-B560-4182-B838-1501F16561D6}.Release|Any CPU.ActiveCfg = Release|Any CPU
		{466E2235-B560-4182-B838-1501F16561D6}.Release|Any CPU.Build.0 = Release|Any CPU
		{8E5439B5-CCEC-4413-8505-7A40B113F69F}.Debug|Any CPU.ActiveCfg = Debug|Any CPU
		{8E5439B5-CCEC-4413-8505-7A40B113F69F}.Debug|Any CPU.Build.0 = Debug|Any CPU
		{8E5439B5-CCEC-4413-8505-7A40B113F69F}.Release|Any CPU.ActiveCfg = Release|Any CPU
		{8E5439B5-CCEC-4413-8505-7A40B113F69F}.Release|Any CPU.Build.0 = Release|Any CPU
		{D0E6C042-CFC8-46F4-BEB8-0DAA09891B97}.Debug|Any CPU.ActiveCfg = Debug|Any CPU
		{D0E6C042-CFC8-46F4-BEB8-0DAA09891B97}.Debug|Any CPU.Build.0 = Debug|Any CPU
		{D0E6C042-CFC8-46F4-BEB8-0DAA09891B97}.Release|Any CPU.ActiveCfg = Release|Any CPU
		{D0E6C042-CFC8-46F4-BEB8-0DAA09891B97}.Release|Any CPU.Build.0 = Release|Any CPU
	EndGlobalSection
	GlobalSection(SolutionProperties) = preSolution
		HideSolutionNode = FALSE
	EndGlobalSection
	GlobalSection(ExtensibilityGlobals) = postSolution
		SolutionGuid = {86421000-EFD3-4163-AF25-1599FB9A6A3D}
	EndGlobalSection
EndGlobal
